
Microsoft Visual Studio Solution File, Format Version 12.00
# Visual Studio Version 17
VisualStudioVersion = 17.11.35303.130
MinimumVisualStudioVersion = 10.0.40219.1
Project("{FAE04EC0-301F-11D3-BF4B-00C04F79EFBC}") = "Grubly", "Grubly\Grubly.csproj", "{BE3DD6F9-6E31-4D1C-99A4-2D6381F65E85}"
EndProject
Global
	GlobalSection(SolutionConfigurationPlatforms) = preSolution
		Debug|Any CPU = Debug|Any CPU
		Release|Any CPU = Release|Any CPU
	EndGlobalSection
	GlobalSection(ProjectConfigurationPlatforms) = postSolution
		{BE3DD6F9-6E31-4D1C-99A4-2D6381F65E85}.Debug|Any CPU.ActiveCfg = Debug|Any CPU
		{BE3DD6F9-6E31-4D1C-99A4-2D6381F65E85}.Debug|Any CPU.Build.0 = Debug|Any CPU
		{BE3DD6F9-6E31-4D1C-99A4-2D6381F65E85}.Release|Any CPU.ActiveCfg = Release|Any CPU
		{BE3DD6F9-6E31-4D1C-99A4-2D6381F65E85}.Release|Any CPU.Build.0 = Release|Any CPU
	EndGlobalSection
	GlobalSection(SolutionProperties) = preSolution
		HideSolutionNode = FALSE
	EndGlobalSection
	GlobalSection(ExtensibilityGlobals) = postSolution
		SolutionGuid = {AEB0E2E2-1EC4-4D8D-9CF9-DB1CCE4B3693}
	EndGlobalSection
EndGlobal
